{
  "name": "botsocket",
  "version": "1.0.0",
  "lockfileVersion": 1,
  "requires": true,
  "dependencies": {
    "botprotocol": {
      "version": "file:../botProtocol",
      "requires": {
        "uuid": "3.1.0"
      },
      "dependencies": {
        "uuid": {
          "version": "3.1.0",
          "bundled": true
        }
      }
    }
  }
}
